{
    "_readme": [
        "This file locks the dependencies of your project to a known state",
        "Read more about it at https://getcomposer.org/doc/01-basic-usage.md#installing-dependencies",
        "This file is @generated automatically"
    ],
    "content-hash": "7b0293f54a85eba8c9212729f0867f1c",
    "packages": [],
    "packages-dev": [
        {
            "name": "bamarni/composer-bin-plugin",
            "version": "1.4.1",
            "source": {
                "type": "git",
                "url": "https://github.com/bamarni/composer-bin-plugin.git",
                "reference": "9329fb0fbe29e0e1b2db8f4639a193e4f5406225"
            },
            "dist": {
                "type": "zip",
                "url": "https://api.github.com/repos/bamarni/composer-bin-plugin/zipball/9329fb0fbe29e0e1b2db8f4639a193e4f5406225",
                "reference": "9329fb0fbe29e0e1b2db8f4639a193e4f5406225",
                "shasum": ""
            },
            "require": {
                "composer-plugin-api": "^1.0 || ^2.0",
                "php": "^5.5.9 || ^7.0 || ^8.0"
            },
            "require-dev": {
                "composer/composer": "^1.0 || ^2.0",
                "symfony/console": "^2.5 || ^3.0 || ^4.0"
            },
            "type": "composer-plugin",
            "extra": {
                "class": "Bamarni\\Composer\\Bin\\Plugin"
            },
            "autoload": {
                "psr-4": {
                    "Bamarni\\Composer\\Bin\\": "src"
                }
            },
            "notification-url": "https://packagist.org/downloads/",
            "license": [
                "MIT"
            ],
            "description": "No conflicts for your bin dependencies",
            "keywords": [
                "composer",
                "conflict",
                "dependency",
                "executable",
                "isolation",
                "tool"
            ],
            "support": {
                "issues": "https://github.com/bamarni/composer-bin-plugin/issues",
                "source": "https://github.com/bamarni/composer-bin-plugin/tree/master"
            },
            "time": "2020-05-03T08:27:20+00:00"
        },
        {
            "name": "phpstan/extension-installer",
            "version": "1.1.0",
            "source": {
                "type": "git",
                "url": "https://github.com/phpstan/extension-installer.git",
                "reference": "66c7adc9dfa38b6b5838a9fb728b68a7d8348051"
            },
            "dist": {
                "type": "zip",
                "url": "https://api.github.com/repos/phpstan/extension-installer/zipball/66c7adc9dfa38b6b5838a9fb728b68a7d8348051",
                "reference": "66c7adc9dfa38b6b5838a9fb728b68a7d8348051",
                "shasum": ""
            },
            "require": {
                "composer-plugin-api": "^1.1 || ^2.0",
                "php": "^7.1 || ^8.0",
                "phpstan/phpstan": ">=0.11.6"
            },
            "require-dev": {
                "composer/composer": "^1.8",
                "phing/phing": "^2.16.3",
                "php-parallel-lint/php-parallel-lint": "^1.2.0",
                "phpstan/phpstan-strict-rules": "^0.11 || ^0.12"
            },
            "type": "composer-plugin",
            "extra": {
                "class": "PHPStan\\ExtensionInstaller\\Plugin"
            },
            "autoload": {
                "psr-4": {
                    "PHPStan\\ExtensionInstaller\\": "src/"
                }
            },
            "notification-url": "https://packagist.org/downloads/",
            "license": [
                "MIT"
            ],
            "description": "Composer plugin for automatic installation of PHPStan extensions",
            "support": {
                "issues": "https://github.com/phpstan/extension-installer/issues",
                "source": "https://github.com/phpstan/extension-installer/tree/1.1.0"
            },
            "time": "2020-12-13T13:06:13+00:00"
        },
        {
            "name": "phpstan/phpstan",
            "version": "0.12.88",
            "source": {
                "type": "git",
                "url": "https://github.com/phpstan/phpstan.git",
                "reference": "464d1a81af49409c41074aa6640ed0c4cbd9bb68"
            },
            "dist": {
                "type": "zip",
                "url": "https://api.github.com/repos/phpstan/phpstan/zipball/464d1a81af49409c41074aa6640ed0c4cbd9bb68",
                "reference": "464d1a81af49409c41074aa6640ed0c4cbd9bb68",
                "shasum": ""
            },
            "require": {
                "php": "^7.1|^8.0"
            },
            "conflict": {
                "phpstan/phpstan-shim": "*"
            },
            "bin": [
                "phpstan",
                "phpstan.phar"
            ],
            "type": "library",
            "extra": {
                "branch-alias": {
                    "dev-master": "0.12-dev"
                }
            },
            "autoload": {
                "files": [
                    "bootstrap.php"
                ]
            },
            "notification-url": "https://packagist.org/downloads/",
            "license": [
                "MIT"
            ],
            "description": "PHPStan - PHP Static Analysis Tool",
            "support": {
                "issues": "https://github.com/phpstan/phpstan/issues",
                "source": "https://github.com/phpstan/phpstan/tree/0.12.88"
            },
            "funding": [
                {
                    "url": "https://github.com/ondrejmirtes",
                    "type": "github"
                },
                {
                    "url": "https://www.patreon.com/phpstan",
                    "type": "patreon"
                },
                {
                    "url": "https://tidelift.com/funding/github/packagist/phpstan/phpstan",
                    "type": "tidelift"
                }
            ],
            "time": "2021-05-17T12:24:49+00:00"
        },
        {
            "name": "phpstan/phpstan-doctrine",
            "version": "0.12.34",
            "source": {
                "type": "git",
                "url": "https://github.com/phpstan/phpstan-doctrine.git",
                "reference": "9d798be80c14aa2ce870edbc71d91504b474d634"
            },
            "dist": {
                "type": "zip",
                "url": "https://api.github.com/repos/phpstan/phpstan-doctrine/zipball/9d798be80c14aa2ce870edbc71d91504b474d634",
                "reference": "9d798be80c14aa2ce870edbc71d91504b474d634",
                "shasum": ""
            },
            "require": {
                "php": "^7.1 || ^8.0",
                "phpstan/phpstan": "^0.12.82"
            },
            "conflict": {
                "doctrine/collections": "<1.0",
                "doctrine/common": "<2.7",
                "doctrine/mongodb-odm": "<1.2",
                "doctrine/orm": "<2.5",
                "doctrine/persistence": "<1.3"
            },
            "require-dev": {
                "doctrine/annotations": "^1.11.0",
                "doctrine/collections": "^1.6",
                "doctrine/common": "^2.7 || ^3.0",
                "doctrine/dbal": "^2.13.1",
                "doctrine/mongodb-odm": "^1.3 || ^2.1",
                "doctrine/orm": "^2.5",
                "doctrine/persistence": "^1.1 || ^2.0",
                "php-parallel-lint/php-parallel-lint": "^1.2",
                "phpstan/phpstan-phpunit": "^0.12.16",
                "phpstan/phpstan-strict-rules": "^0.12.5",
                "phpunit/phpunit": "^9.5",
                "ramsey/uuid-doctrine": "^1.5.0"
            },
            "type": "phpstan-extension",
            "extra": {
                "branch-alias": {
                    "dev-master": "0.12-dev"
                },
                "phpstan": {
                    "includes": [
                        "extension.neon",
                        "rules.neon"
                    ]
                }
            },
            "autoload": {
                "psr-4": {
                    "PHPStan\\": "src/"
                }
            },
            "notification-url": "https://packagist.org/downloads/",
            "license": [
                "MIT"
            ],
            "description": "Doctrine extensions for PHPStan",
            "support": {
                "issues": "https://github.com/phpstan/phpstan-doctrine/issues",
                "source": "https://github.com/phpstan/phpstan-doctrine/tree/0.12.34"
            },
            "time": "2021-05-17T12:19:18+00:00"
        },
        {
            "name": "phpstan/phpstan-phpunit",
            "version": "0.12.19",
            "source": {
                "type": "git",
                "url": "https://github.com/phpstan/phpstan-phpunit.git",
                "reference": "52f7072ddc5f81492f9d2de65a24813a48c90b18"
            },
            "dist": {
                "type": "zip",
                "url": "https://api.github.com/repos/phpstan/phpstan-phpunit/zipball/52f7072ddc5f81492f9d2de65a24813a48c90b18",
                "reference": "52f7072ddc5f81492f9d2de65a24813a48c90b18",
                "shasum": ""
            },
            "require": {
                "php": "^7.1 || ^8.0",
                "phpstan/phpstan": "^0.12.86"
            },
            "conflict": {
                "phpunit/phpunit": "<7.0"
            },
            "require-dev": {
                "phing/phing": "^2.16.3",
                "php-parallel-lint/php-parallel-lint": "^1.2",
                "phpstan/phpstan-strict-rules": "^0.12.6",
                "phpunit/phpunit": "^7.5.20"
            },
            "type": "phpstan-extension",
            "extra": {
                "branch-alias": {
                    "dev-master": "0.12-dev"
                },
                "phpstan": {
                    "includes": [
                        "extension.neon",
                        "rules.neon"
                    ]
                }
            },
            "autoload": {
                "psr-4": {
                    "PHPStan\\": "src/"
                }
            },
            "notification-url": "https://packagist.org/downloads/",
            "license": [
                "MIT"
            ],
            "description": "PHPUnit extensions and rules for PHPStan",
            "support": {
                "issues": "https://github.com/phpstan/phpstan-phpunit/issues",
                "source": "https://github.com/phpstan/phpstan-phpunit/tree/0.12.19"
            },
            "time": "2021-04-30T11:10:37+00:00"
        },
        {
            "name": "phpstan/phpstan-symfony",
            "version": "0.12.33",
            "source": {
                "type": "git",
                "url": "https://github.com/phpstan/phpstan-symfony.git",
                "reference": "7f47026c69c9f2ef8d6b1814bd17cc86ea768e9d"
            },
            "dist": {
                "type": "zip",
                "url": "https://api.github.com/repos/phpstan/phpstan-symfony/zipball/7f47026c69c9f2ef8d6b1814bd17cc86ea768e9d",
                "reference": "7f47026c69c9f2ef8d6b1814bd17cc86ea768e9d",
                "shasum": ""
            },
            "require": {
                "ext-simplexml": "*",
                "php": "^7.1 || ^8.0",
                "phpstan/phpstan": "^0.12.86"
            },
            "conflict": {
                "symfony/framework-bundle": "<3.0"
            },
            "require-dev": {
                "phing/phing": "^2.16.3",
                "php-parallel-lint/php-parallel-lint": "^1.2",
                "phpstan/phpstan-phpunit": "^0.12.16",
                "phpstan/phpstan-strict-rules": "^0.12.5",
                "phpunit/phpunit": "^7.5.20",
                "symfony/config": "^4.2 || ^5.0",
                "symfony/console": "^4.0 || ^5.0",
                "symfony/framework-bundle": "^4.4 || ^5.0",
                "symfony/http-foundation": "^4.0 || ^5.0",
                "symfony/messenger": "^4.2 || ^5.0",
                "symfony/serializer": "^4.0 || ^5.0"
            },
            "type": "phpstan-extension",
            "extra": {
                "branch-alias": {
                    "dev-master": "0.12-dev"
                },
                "phpstan": {
                    "includes": [
                        "extension.neon",
                        "rules.neon"
                    ]
                }
            },
            "autoload": {
                "psr-4": {
                    "PHPStan\\": "src/"
                }
            },
            "notification-url": "https://packagist.org/downloads/",
            "license": [
                "MIT"
            ],
            "authors": [
                {
                    "name": "Lukáš Unger",
                    "email": "looky.msc@gmail.com",
                    "homepage": "https://lookyman.net"
                }
            ],
            "description": "Symfony Framework extensions and rules for PHPStan",
            "support": {
                "issues": "https://github.com/phpstan/phpstan-symfony/issues",
                "source": "https://github.com/phpstan/phpstan-symfony/tree/0.12.33"
            },
            "time": "2021-05-05T14:52:06+00:00"
        }
    ],
    "aliases": [],
    "minimum-stability": "stable",
    "stability-flags": [],
    "prefer-stable": false,
    "prefer-lowest": false,
    "platform": [],
    "platform-dev": [],
    "platform-overrides": {
        "php": "7.4.0"
    },
    "plugin-api-version": "2.0.0"
}
