{
    "_readme": [
        "This file locks the dependencies of your project to a known state",
        "Read more about it at https://getcomposer.org/doc/01-basic-usage.md#installing-dependencies",
        "This file is @generated automatically"
    ],
    "content-hash": "75fc06e42aabaa698cfb947b9877ef23",
    "packages": [
        {
            "name": "symfony/polyfill-ctype",
            "version": "v1.10.0",
            "source": {
                "type": "git",
                "url": "https://github.com/symfony/polyfill-ctype.git",
                "reference": "e3d826245268269cd66f8326bd8bc066687b4a19"
            },
            "dist": {
                "type": "zip",
                "url": "https://api.github.com/repos/symfony/polyfill-ctype/zipball/e3d826245268269cd66f8326bd8bc066687b4a19",
                "reference": "e3d826245268269cd66f8326bd8bc066687b4a19",
                "shasum": ""
            },
            "require": {
                "php": ">=5.3.3"
            },
            "suggest": {
                "ext-ctype": "For best performance"
            },
            "type": "library",
            "extra": {
                "branch-alias": {
                    "dev-master": "1.9-dev"
                }
            },
            "autoload": {
                "psr-4": {
                    "Symfony\\Polyfill\\Ctype\\": ""
                },
                "files": [
                    "bootstrap.php"
                ]
            },
            "notification-url": "https://packagist.org/downloads/",
            "license": [
                "MIT"
            ],
            "authors": [
                {
                    "name": "Symfony Community",
                    "homepage": "https://symfony.com/contributors"
                },
                {
                    "name": "Gert de Pagter",
                    "email": "BackEndTea@gmail.com"
                }
            ],
            "description": "Symfony polyfill for ctype functions",
            "homepage": "https://symfony.com",
            "keywords": [
                "compatibility",
                "ctype",
                "polyfill",
                "portable"
            ],
            "time": "2018-08-06T14:22:27+00:00"
        },
        {
            "name": "symfony/yaml",
            "version": "v4.2.3",
            "source": {
                "type": "git",
                "url": "https://github.com/symfony/yaml.git",
                "reference": "d461670ee145092b7e2a56c1da7118f19cadadb0"
            },
            "dist": {
                "type": "zip",
                "url": "https://api.github.com/repos/symfony/yaml/zipball/d461670ee145092b7e2a56c1da7118f19cadadb0",
                "reference": "d461670ee145092b7e2a56c1da7118f19cadadb0",
                "shasum": ""
            },
            "require": {
                "php": "^7.1.3",
                "symfony/polyfill-ctype": "~1.8"
            },
            "conflict": {
                "symfony/console": "<3.4"
            },
            "require-dev": {
                "symfony/console": "~3.4|~4.0"
            },
            "suggest": {
                "symfony/console": "For validating YAML files using the lint command"
            },
            "type": "library",
            "extra": {
                "branch-alias": {
                    "dev-master": "4.2-dev"
                }
            },
            "autoload": {
                "psr-4": {
                    "Symfony\\Component\\Yaml\\": ""
                },
                "exclude-from-classmap": [
                    "/Tests/"
                ]
            },
            "notification-url": "https://packagist.org/downloads/",
            "license": [
                "MIT"
            ],
            "authors": [
                {
                    "name": "Fabien Potencier",
                    "email": "fabien@symfony.com"
                },
                {
                    "name": "Symfony Community",
                    "homepage": "https://symfony.com/contributors"
                }
            ],
            "description": "Symfony Yaml Component",
            "homepage": "https://symfony.com",
            "time": "2019-01-16T20:35:37+00:00"
        }
    ],
    "packages-dev": [
        {
            "name": "bamarni/composer-bin-plugin",
            "version": "v1.2.0",
            "source": {
                "type": "git",
                "url": "https://github.com/bamarni/composer-bin-plugin.git",
                "reference": "62fef740245a85f00665e81ea8f0aa0b72afe6e7"
            },
            "dist": {
                "type": "zip",
                "url": "https://api.github.com/repos/bamarni/composer-bin-plugin/zipball/62fef740245a85f00665e81ea8f0aa0b72afe6e7",
                "reference": "62fef740245a85f00665e81ea8f0aa0b72afe6e7",
                "shasum": ""
            },
            "require": {
                "composer-plugin-api": "^1.0"
            },
            "require-dev": {
                "composer/composer": "dev-master",
                "symfony/console": "^2.5 || ^3.0"
            },
            "type": "composer-plugin",
            "extra": {
                "class": "Bamarni\\Composer\\Bin\\Plugin",
                "branch-alias": {
                    "dev-master": "1.1-dev"
                }
            },
            "autoload": {
                "psr-4": {
                    "Bamarni\\Composer\\Bin\\": "src"
                }
            },
            "notification-url": "https://packagist.org/downloads/",
            "license": [
                "MIT"
            ],
            "time": "2017-09-11T13:13:58+00:00"
        },
        {
            "name": "mustache/mustache",
            "version": "v2.12.0",
            "source": {
                "type": "git",
                "url": "https://github.com/bobthecow/mustache.php.git",
                "reference": "fe8fe72e9d580591854de404cc59a1b83ca4d19e"
            },
            "dist": {
                "type": "zip",
                "url": "https://api.github.com/repos/bobthecow/mustache.php/zipball/fe8fe72e9d580591854de404cc59a1b83ca4d19e",
                "reference": "fe8fe72e9d580591854de404cc59a1b83ca4d19e",
                "shasum": ""
            },
            "require": {
                "php": ">=5.2.4"
            },
            "require-dev": {
                "friendsofphp/php-cs-fixer": "~1.11",
                "phpunit/phpunit": "~3.7|~4.0|~5.0"
            },
            "type": "library",
            "autoload": {
                "psr-0": {
                    "Mustache": "src/"
                }
            },
            "notification-url": "https://packagist.org/downloads/",
            "license": [
                "MIT"
            ],
            "authors": [
                {
                    "name": "Justin Hileman",
                    "email": "justin@justinhileman.info",
                    "homepage": "http://justinhileman.com"
                }
            ],
            "description": "A Mustache implementation in PHP.",
            "homepage": "https://github.com/bobthecow/mustache.php",
            "keywords": [
                "mustache",
                "templating"
            ],
            "time": "2017-07-11T12:54:05+00:00"
        },
        {
            "name": "symfony/filesystem",
            "version": "v4.2.2",
            "source": {
                "type": "git",
                "url": "https://github.com/symfony/filesystem.git",
                "reference": "c2ffd9a93f2d6c5be2f68a0aa7953cc229f871f8"
            },
            "dist": {
                "type": "zip",
                "url": "https://api.github.com/repos/symfony/filesystem/zipball/c2ffd9a93f2d6c5be2f68a0aa7953cc229f871f8",
                "reference": "c2ffd9a93f2d6c5be2f68a0aa7953cc229f871f8",
                "shasum": ""
            },
            "require": {
                "php": "^7.1.3",
                "symfony/polyfill-ctype": "~1.8"
            },
            "type": "library",
            "extra": {
                "branch-alias": {
                    "dev-master": "4.2-dev"
                }
            },
            "autoload": {
                "psr-4": {
                    "Symfony\\Component\\Filesystem\\": ""
                },
                "exclude-from-classmap": [
                    "/Tests/"
                ]
            },
            "notification-url": "https://packagist.org/downloads/",
            "license": [
                "MIT"
            ],
            "authors": [
                {
                    "name": "Fabien Potencier",
                    "email": "fabien@symfony.com"
                },
                {
                    "name": "Symfony Community",
                    "homepage": "https://symfony.com/contributors"
                }
            ],
            "description": "Symfony Filesystem Component",
            "homepage": "https://symfony.com",
            "time": "2019-01-03T09:07:35+00:00"
        },
        {
            "name": "symfony/finder",
            "version": "v4.2.2",
            "source": {
                "type": "git",
                "url": "https://github.com/symfony/finder.git",
                "reference": "9094d69e8c6ee3fe186a0ec5a4f1401e506071ce"
            },
            "dist": {
                "type": "zip",
                "url": "https://api.github.com/repos/symfony/finder/zipball/9094d69e8c6ee3fe186a0ec5a4f1401e506071ce",
                "reference": "9094d69e8c6ee3fe186a0ec5a4f1401e506071ce",
                "shasum": ""
            },
            "require": {
                "php": "^7.1.3"
            },
            "type": "library",
            "extra": {
                "branch-alias": {
                    "dev-master": "4.2-dev"
                }
            },
            "autoload": {
                "psr-4": {
                    "Symfony\\Component\\Finder\\": ""
                },
                "exclude-from-classmap": [
                    "/Tests/"
                ]
            },
            "notification-url": "https://packagist.org/downloads/",
            "license": [
                "MIT"
            ],
            "authors": [
                {
                    "name": "Fabien Potencier",
                    "email": "fabien@symfony.com"
                },
                {
                    "name": "Symfony Community",
                    "homepage": "https://symfony.com/contributors"
                }
            ],
            "description": "Symfony Finder Component",
            "homepage": "https://symfony.com",
            "time": "2019-01-03T09:07:35+00:00"
        },
        {
            "name": "symfony/process",
            "version": "v4.2.2",
            "source": {
                "type": "git",
                "url": "https://github.com/symfony/process.git",
                "reference": "ea043ab5d8ed13b467a9087d81cb876aee7f689a"
            },
            "dist": {
                "type": "zip",
                "url": "https://api.github.com/repos/symfony/process/zipball/ea043ab5d8ed13b467a9087d81cb876aee7f689a",
                "reference": "ea043ab5d8ed13b467a9087d81cb876aee7f689a",
                "shasum": ""
            },
            "require": {
                "php": "^7.1.3"
            },
            "type": "library",
            "extra": {
                "branch-alias": {
                    "dev-master": "4.2-dev"
                }
            },
            "autoload": {
                "psr-4": {
                    "Symfony\\Component\\Process\\": ""
                },
                "exclude-from-classmap": [
                    "/Tests/"
                ]
            },
            "notification-url": "https://packagist.org/downloads/",
            "license": [
                "MIT"
            ],
            "authors": [
                {
                    "name": "Fabien Potencier",
                    "email": "fabien@symfony.com"
                },
                {
                    "name": "Symfony Community",
                    "homepage": "https://symfony.com/contributors"
                }
            ],
            "description": "Symfony Process Component",
            "homepage": "https://symfony.com",
            "time": "2019-01-03T14:48:52+00:00"
        },
        {
            "name": "tivie/command",
            "version": "0.2.2",
            "source": {
                "type": "git",
                "url": "https://github.com/tivie/command.git",
                "reference": "7a6e3ec535e73be9c7f69f5eff56a9dc937e54bb"
            },
            "dist": {
                "type": "zip",
                "url": "https://api.github.com/repos/tivie/command/zipball/7a6e3ec535e73be9c7f69f5eff56a9dc937e54bb",
                "reference": "7a6e3ec535e73be9c7f69f5eff56a9dc937e54bb",
                "shasum": ""
            },
            "require": {
                "php": ">=5.3.0",
                "tivie/php-os-detector": "1.0.*"
            },
            "require-dev": {
                "phpunit/phpunit": "4.3.*"
            },
            "type": "library",
            "autoload": {
                "psr-4": {
                    "Tivie\\Command\\": "src/"
                }
            },
            "notification-url": "https://packagist.org/downloads/",
            "license": [
                "APACHE 2.0"
            ],
            "authors": [
                {
                    "name": "Estevão Soares dos Santos",
                    "email": "estevao@soares-dos-santos.com"
                }
            ],
            "description": "An utility library that harmonizes OS differences and executes external programs in a safer way",
            "homepage": "http://tivie.github.com/command/",
            "keywords": [
                "exec",
                "external programs",
                "proc_open"
            ],
            "time": "2014-12-24T05:05:07+00:00"
        },
        {
            "name": "tivie/php-git-log-parser",
            "version": "0.1.4",
            "source": {
                "type": "git",
                "url": "https://github.com/tivie/php-git-log-parser.git",
                "reference": "2228576abedd677b7d5caae8ef7dc43fa0f68ffc"
            },
            "dist": {
                "type": "zip",
                "url": "https://api.github.com/repos/tivie/php-git-log-parser/zipball/2228576abedd677b7d5caae8ef7dc43fa0f68ffc",
                "reference": "2228576abedd677b7d5caae8ef7dc43fa0f68ffc",
                "shasum": ""
            },
            "require": {
                "php": ">=5.3.0",
                "tivie/command": "0.2.*"
            },
            "require-dev": {
                "phpunit/phpunit": "4.3.*"
            },
            "type": "library",
            "autoload": {
                "psr-4": {
                    "Tivie\\GitLogParser\\": "src/"
                }
            },
            "notification-url": "https://packagist.org/downloads/",
            "license": [
                "APACHE 2.0"
            ],
            "authors": [
                {
                    "name": "Estevão Soares dos Santos",
                    "email": "estevao@soares-dos-santos.com"
                }
            ],
            "description": "A parser for logs generated by git log",
            "keywords": [
                "dev",
                "git",
                "git log",
                "git-log",
                "tools"
            ],
            "time": "2014-12-29T04:55:56+00:00"
        },
        {
            "name": "tivie/php-os-detector",
            "version": "1.0.0",
            "source": {
                "type": "git",
                "url": "https://github.com/tivie/php-os-detector.git",
                "reference": "58226a9068323ee0d104f615c99fb97adeb136ae"
            },
            "dist": {
                "type": "zip",
                "url": "https://api.github.com/repos/tivie/php-os-detector/zipball/58226a9068323ee0d104f615c99fb97adeb136ae",
                "reference": "58226a9068323ee0d104f615c99fb97adeb136ae",
                "shasum": ""
            },
            "require": {
                "php": ">=5.3.0"
            },
            "require-dev": {
                "phpunit/phpunit": "4.3.*"
            },
            "type": "library",
            "autoload": {
                "psr-4": {
                    "Tivie\\OS\\": "src/"
                }
            },
            "notification-url": "https://packagist.org/downloads/",
            "license": [
                "APACHE 2.0"
            ],
            "authors": [
                {
                    "name": "Estevão Soares dos Santos",
                    "email": "estevao@soares-dos-santos.com"
                }
            ],
            "description": "A small utility library that detects the OS the server is running on",
            "homepage": "http://tivie.github.com/php-os-detector/",
            "keywords": [
                "detection",
                "detector",
                "identification",
                "operating system",
                "os",
                "os detection"
            ],
            "time": "2014-12-19T01:17:49+00:00"
        }
    ],
    "aliases": [],
    "minimum-stability": "stable",
    "stability-flags": [],
    "prefer-stable": false,
    "prefer-lowest": false,
    "platform": [],
    "platform-dev": []
}
