{
    "_readme": [
        "This file locks the dependencies of your project to a known state",
        "Read more about it at https://getcomposer.org/doc/01-basic-usage.md#installing-dependencies",
        "This file is @generated automatically"
    ],
    "content-hash": "f68c5e600344cce2b8ca75668a9d9f25",
    "packages": [
        {
            "name": "nikic/php-parser",
            "version": "v4.2.0",
            "source": {
                "type": "git",
                "url": "https://github.com/nikic/PHP-Parser.git",
                "reference": "594bcae1fc0bccd3993d2f0d61a018e26ac2865a"
            },
            "dist": {
                "type": "zip",
                "url": "https://api.github.com/repos/nikic/PHP-Parser/zipball/594bcae1fc0bccd3993d2f0d61a018e26ac2865a",
                "reference": "594bcae1fc0bccd3993d2f0d61a018e26ac2865a",
                "shasum": ""
            },
            "require": {
                "ext-tokenizer": "*",
                "php": ">=7.0"
            },
            "require-dev": {
                "phpunit/phpunit": "^6.5 || ^7.0"
            },
            "bin": [
                "bin/php-parse"
            ],
            "type": "library",
            "extra": {
                "branch-alias": {
                    "dev-master": "4.2-dev"
                }
            },
            "autoload": {
                "psr-4": {
                    "PhpParser\\": "lib/PhpParser"
                }
            },
            "notification-url": "https://packagist.org/downloads/",
            "license": [
                "BSD-3-Clause"
            ],
            "authors": [
                {
                    "name": "Nikita Popov"
                }
            ],
            "description": "A PHP parser written in PHP",
            "keywords": [
                "parser",
                "php"
            ],
            "time": "2019-01-12T16:31:37+00:00"
        },
        {
            "name": "phpmetrics/phpmetrics",
            "version": "v2.4.1",
            "source": {
                "type": "git",
                "url": "https://github.com/phpmetrics/PhpMetrics.git",
                "reference": "39095017413805cd6d9ada16cfaf8aaffcb2fec4"
            },
            "dist": {
                "type": "zip",
                "url": "https://api.github.com/repos/phpmetrics/PhpMetrics/zipball/39095017413805cd6d9ada16cfaf8aaffcb2fec4",
                "reference": "39095017413805cd6d9ada16cfaf8aaffcb2fec4",
                "shasum": ""
            },
            "require": {
                "ext-dom": "*",
                "ext-tokenizer": "*",
                "nikic/php-parser": "^3|^4",
                "php": ">=5.5"
            },
            "replace": {
                "halleck45/php-metrics": "*",
                "halleck45/phpmetrics": "*"
            },
            "require-dev": {
                "phpunit/phpunit": ">=4.8.27,<=5.7.13",
                "sebastian/comparator": ">=1.2.3"
            },
            "bin": [
                "bin/phpmetrics"
            ],
            "type": "library",
            "autoload": {
                "psr-0": {
                    "Hal\\": "./src/"
                },
                "files": [
                    "./src/functions.php"
                ]
            },
            "notification-url": "https://packagist.org/downloads/",
            "license": [
                "MIT"
            ],
            "authors": [
                {
                    "name": "Jean-François Lépine",
                    "email": "lepinejeanfrancois@yahoo.fr",
                    "homepage": "http://www.lepine.pro",
                    "role": "Copyright Holder"
                }
            ],
            "description": "Static analyzer tool for PHP : Coupling, Cyclomatic complexity, Maintainability Index, Halstead's metrics... and more !",
            "homepage": "http://www.phpmetrics.org",
            "keywords": [
                "analysis",
                "qa",
                "quality",
                "testing"
            ],
            "time": "2018-07-10T17:19:33+00:00"
        }
    ],
    "packages-dev": [],
    "aliases": [],
    "minimum-stability": "stable",
    "stability-flags": [],
    "prefer-stable": false,
    "prefer-lowest": false,
    "platform": [],
    "platform-dev": []
}
